{
  "requires": true,
  "lockfileVersion": 1,
  "dependencies": {
    "cordova-plugin-admobpro": {
      "version": "2.31.6",
      "resolved": "https://registry.npmjs.org/cordova-plugin-admobpro/-/cordova-plugin-admobpro-2.31.6.tgz",
      "integrity": "sha1-vtL8yS4M9TUXRCAD30cHNVzGEuA="
    },
    "cordova-plugin-extension": {
      "version": "1.5.4",
      "resolved": "https://registry.npmjs.org/cordova-plugin-extension/-/cordova-plugin-extension-1.5.4.tgz",
      "integrity": "sha1-k4/KDLAAa6tW/87lBiAb/hsA44Q="
    },
    "cordova-plugin-inappbrowser": {
      "version": "3.0.0",
      "resolved": "https://registry.npmjs.org/cordova-plugin-inappbrowser/-/cordova-plugin-inappbrowser-3.0.0.tgz",
      "integrity": "sha1-1K4A02Z2IQdRBXrSWK5K1KkWGto="
    }
  }
}
